
Microsoft Visual Studio Solution File, Format Version 12.00
# Visual Studio Version 16
VisualStudioVersion = 16.0.29926.136
MinimumVisualStudioVersion = 10.0.40219.1
Project("{FAE04EC0-301F-11D3-BF4B-00C04F79EFBC}") = "multipurpose.Android", "multipurpose\multipurpose.Android\multipurpose.Android.csproj", "{3B636593-6D89-42A4-BE70-0CBF1FF9BB28}"
EndProject
Project("{FAE04EC0-301F-11D3-BF4B-00C04F79EFBC}") = "multipurpose", "multipurpose\multipurpose\multipurpose.csproj", "{FB51AD80-5C4E-4A55-AC3A-D1E5CEB9391C}"
EndProject
Global
	GlobalSection(SolutionConfigurationPlatforms) = preSolution
		Debug|Any CPU = Debug|Any CPU
		Release|Any CPU = Release|Any CPU
	EndGlobalSection
	GlobalSection(ProjectConfigurationPlatforms) = postSolution
		{3B636593-6D89-42A4-BE70-0CBF1FF9BB28}.Debug|Any CPU.ActiveCfg = Debug|Any CPU
		{3B636593-6D89-42A4-BE70-0CBF1FF9BB28}.Debug|Any CPU.Build.0 = Debug|Any CPU
		{3B636593-6D89-42A4-BE70-0CBF1FF9BB28}.Debug|Any CPU.Deploy.0 = Debug|Any CPU
		{3B636593-6D89-42A4-BE70-0CBF1FF9BB28}.Release|Any CPU.ActiveCfg = Release|Any CPU
		{3B636593-6D89-42A4-BE70-0CBF1FF9BB28}.Release|Any CPU.Build.0 = Release|Any CPU
		{3B636593-6D89-42A4-BE70-0CBF1FF9BB28}.Release|Any CPU.Deploy.0 = Release|Any CPU
		{FB51AD80-5C4E-4A55-AC3A-D1E5CEB9391C}.Debug|Any CPU.ActiveCfg = Debug|Any CPU
		{FB51AD80-5C4E-4A55-AC3A-D1E5CEB9391C}.Debug|Any CPU.Build.0 = Debug|Any CPU
		{FB51AD80-5C4E-4A55-AC3A-D1E5CEB9391C}.Debug|Any CPU.Deploy.0 = Debug|Any CPU
		{FB51AD80-5C4E-4A55-AC3A-D1E5CEB9391C}.Release|Any CPU.ActiveCfg = Release|Any CPU
		{FB51AD80-5C4E-4A55-AC3A-D1E5CEB9391C}.Release|Any CPU.Build.0 = Release|Any CPU
		{FB51AD80-5C4E-4A55-AC3A-D1E5CEB9391C}.Release|Any CPU.Deploy.0 = Release|Any CPU
	EndGlobalSection
	GlobalSection(SolutionProperties) = preSolution
		HideSolutionNode = FALSE
	EndGlobalSection
	GlobalSection(ExtensibilityGlobals) = postSolution
		SolutionGuid = {1DD22D58-6A87-4BAB-804F-B09EA901FFE7}
	EndGlobalSection
EndGlobal
